
Microsoft Visual Studio Solution File, Format Version 12.00
Project("{2150E333-8FDC-42A3-9474-1A3956D46DE8}") = "ApiGateway", "ApiGateway", "{EF0859D9-2F09-43A1-8B8E-A950F252CC77}"
EndProject
Project("{FAE04EC0-301F-11D3-BF4B-00C04F79EFBC}") = "ApiGateway.WebApi", "ApiGateway.WebApi\ApiGateway.WebApi.csproj", "{362B9B7A-F7C5-4E1F-AEEA-8D141C5114C4}"
EndProject
Project("{2150E333-8FDC-42A3-9474-1A3956D46DE8}") = "Channels", "Channels", "{1891E150-35F6-49AD-A6D8-2993057C7D0A}"
EndProject
Project("{2150E333-8FDC-42A3-9474-1A3956D46DE8}") = "EmailNotifications", "EmailNotifications", "{7868CA94-E245-4A41-9C47-3AD3D4E6D27A}"
EndProject
Project("{FAE04EC0-301F-11D3-BF4B-00C04F79EFBC}") = "EmailNotifications.WebApi", "EmailNotifications.WebApi\EmailNotifications.WebApi.csproj", "{C94BAE9F-1F80-4481-80C6-D8ADEC50DE1E}"
EndProject
Project("{FAE04EC0-301F-11D3-BF4B-00C04F79EFBC}") = "Contracts", "Contracts\Contracts.csproj", "{93DD630C-6A53-4D48-967E-D373070AAC9E}"
EndProject
Project("{FAE04EC0-301F-11D3-BF4B-00C04F79EFBC}") = "ApiGateway.IntegrationTests", "ApiGateway.IntegrationTests\ApiGateway.IntegrationTests.csproj", "{FC05B8FA-6556-43CE-8F78-91AFF4E2411E}"
EndProject
Global
	GlobalSection(SolutionConfigurationPlatforms) = preSolution
		Debug|Any CPU = Debug|Any CPU
		Release|Any CPU = Release|Any CPU
	EndGlobalSection
	GlobalSection(ProjectConfigurationPlatforms) = postSolution
		{362B9B7A-F7C5-4E1F-AEEA-8D141C5114C4}.Debug|Any CPU.ActiveCfg = Debug|Any CPU
		{362B9B7A-F7C5-4E1F-AEEA-8D141C5114C4}.Debug|Any CPU.Build.0 = Debug|Any CPU
		{362B9B7A-F7C5-4E1F-AEEA-8D141C5114C4}.Release|Any CPU.ActiveCfg = Release|Any CPU
		{362B9B7A-F7C5-4E1F-AEEA-8D141C5114C4}.Release|Any CPU.Build.0 = Release|Any CPU
		{C94BAE9F-1F80-4481-80C6-D8ADEC50DE1E}.Debug|Any CPU.ActiveCfg = Debug|Any CPU
		{C94BAE9F-1F80-4481-80C6-D8ADEC50DE1E}.Debug|Any CPU.Build.0 = Debug|Any CPU
		{C94BAE9F-1F80-4481-80C6-D8ADEC50DE1E}.Release|Any CPU.ActiveCfg = Release|Any CPU
		{C94BAE9F-1F80-4481-80C6-D8ADEC50DE1E}.Release|Any CPU.Build.0 = Release|Any CPU
		{93DD630C-6A53-4D48-967E-D373070AAC9E}.Debug|Any CPU.ActiveCfg = Debug|Any CPU
		{93DD630C-6A53-4D48-967E-D373070AAC9E}.Debug|Any CPU.Build.0 = Debug|Any CPU
		{93DD630C-6A53-4D48-967E-D373070AAC9E}.Release|Any CPU.ActiveCfg = Release|Any CPU
		{93DD630C-6A53-4D48-967E-D373070AAC9E}.Release|Any CPU.Build.0 = Release|Any CPU
		{FC05B8FA-6556-43CE-8F78-91AFF4E2411E}.Debug|Any CPU.ActiveCfg = Debug|Any CPU
		{FC05B8FA-6556-43CE-8F78-91AFF4E2411E}.Debug|Any CPU.Build.0 = Debug|Any CPU
		{FC05B8FA-6556-43CE-8F78-91AFF4E2411E}.Release|Any CPU.ActiveCfg = Release|Any CPU
		{FC05B8FA-6556-43CE-8F78-91AFF4E2411E}.Release|Any CPU.Build.0 = Release|Any CPU
	EndGlobalSection
	GlobalSection(NestedProjects) = preSolution
		{362B9B7A-F7C5-4E1F-AEEA-8D141C5114C4} = {EF0859D9-2F09-43A1-8B8E-A950F252CC77}
		{7868CA94-E245-4A41-9C47-3AD3D4E6D27A} = {1891E150-35F6-49AD-A6D8-2993057C7D0A}
		{C94BAE9F-1F80-4481-80C6-D8ADEC50DE1E} = {7868CA94-E245-4A41-9C47-3AD3D4E6D27A}
		{FC05B8FA-6556-43CE-8F78-91AFF4E2411E} = {EF0859D9-2F09-43A1-8B8E-A950F252CC77}
	EndGlobalSection
EndGlobal
